
Microsoft Visual Studio Solution File, Format Version 12.00
# Visual Studio 15
Project("{FAE04EC0-301F-11D3-BF4B-00C04F79EFBC}") = "Assembly-CSharp", "Assembly-CSharp.csproj", "{6775D533-AB61-6128-8EE6-FC08D94C6146}"
EndProject
Global
	GlobalSection(SolutionConfigurationPlatforms) = preSolution
		Debug|Any CPU = Debug|Any CPU
		Release|Any CPU = Release|Any CPU
	EndGlobalSection
	GlobalSection(ProjectConfigurationPlatforms) = postSolution
		{6775D533-AB61-6128-8EE6-FC08D94C6146}.Debug|Any CPU.ActiveCfg = Debug|Any CPU
		{6775D533-AB61-6128-8EE6-FC08D94C6146}.Debug|Any CPU.Build.0 = Debug|Any CPU
		{6775D533-AB61-6128-8EE6-FC08D94C6146}.Release|Any CPU.ActiveCfg = Release|Any CPU
		{6775D533-AB61-6128-8EE6-FC08D94C6146}.Release|Any CPU.Build.0 = Release|Any CPU
	EndGlobalSection
	GlobalSection(SolutionProperties) = preSolution
		HideSolutionNode = FALSE
	EndGlobalSection
	GlobalSection(MonoDevelopProperties) = preSolution
		StartupItem = Assembly-CSharp.csproj
		Policies = $0
		$0.StandardHeader = $1
		$0.VersionControlPolicy = $2
	EndGlobalSection
EndGlobal
